{
  "version": "5",
  "specifiers": {
    "jsr:@std/assert@1": "1.0.15",
    "jsr:@std/internal@^1.0.12": "1.0.12",
    "npm:@biomejs/biome@*": "2.3.5",
    "npm:@biomejs/biome@^2.3.5": "2.3.5"
  },
  "jsr": {
    "@std/assert@1.0.15": {
      "integrity": "d64018e951dbdfab9777335ecdb000c0b4e3df036984083be219ce5941e4703b",
      "dependencies": [
        "jsr:@std/internal"
      ]
    },
    "@std/internal@1.0.12": {
      "integrity": "972a634fd5bc34b242024402972cd5143eac68d8dffaca5eaa4dba30ce17b027"
    }
  },
  "npm": {
    "@biomejs/biome@2.3.5": {
      "integrity": "sha512-HvLhNlIlBIbAV77VysRIBEwp55oM/QAjQEin74QQX9Xb259/XP/D5AGGnZMOyF1el4zcvlNYYR3AyTMUV3ILhg==",
      "optionalDependencies": [
        "@biomejs/cli-darwin-arm64",
        "@biomejs/cli-darwin-x64",
        "@biomejs/cli-linux-arm64",
        "@biomejs/cli-linux-arm64-musl",
        "@biomejs/cli-linux-x64",
        "@biomejs/cli-linux-x64-musl",
        "@biomejs/cli-win32-arm64",
        "@biomejs/cli-win32-x64"
      ],
      "bin": true
    },
    "@biomejs/cli-darwin-arm64@2.3.5": {
      "integrity": "sha512-fLdTur8cJU33HxHUUsii3GLx/TR0BsfQx8FkeqIiW33cGMtUD56fAtrh+2Fx1uhiCsVZlFh6iLKUU3pniZREQw==",
      "os": ["darwin"],
      "cpu": ["arm64"]
    },
    "@biomejs/cli-darwin-x64@2.3.5": {
      "integrity": "sha512-qpT8XDqeUlzrOW8zb4k3tjhT7rmvVRumhi2657I2aGcY4B+Ft5fNwDdZGACzn8zj7/K1fdWjgwYE3i2mSZ+vOA==",
      "os": ["darwin"],
      "cpu": ["x64"]
    },
    "@biomejs/cli-linux-arm64-musl@2.3.5": {
      "integrity": "sha512-eGUG7+hcLgGnMNl1KHVZUYxahYAhC462jF/wQolqu4qso2MSk32Q+QrpN7eN4jAHAg7FUMIo897muIhK4hXhqg==",
      "os": ["linux"],
      "cpu": ["arm64"]
    },
    "@biomejs/cli-linux-arm64@2.3.5": {
      "integrity": "sha512-u/pybjTBPGBHB66ku4pK1gj+Dxgx7/+Z0jAriZISPX1ocTO8aHh8x8e7Kb1rB4Ms0nA/SzjtNOVJ4exVavQBCw==",
      "os": ["linux"],
      "cpu": ["arm64"]
    },
    "@biomejs/cli-linux-x64-musl@2.3.5": {
      "integrity": "sha512-awVuycTPpVTH/+WDVnEEYSf6nbCBHf/4wB3lquwT7puhNg8R4XvonWNZzUsfHZrCkjkLhFH/vCZK5jHatD9FEg==",
      "os": ["linux"],
      "cpu": ["x64"]
    },
    "@biomejs/cli-linux-x64@2.3.5": {
      "integrity": "sha512-XrIVi9YAW6ye0CGQ+yax0gLfx+BFOtKaNX74n+xHWla6Cl6huUmcKNO7HPx7BiKnJUzrxXY1qYlm7xMvi08X4g==",
      "os": ["linux"],
      "cpu": ["x64"]
    },
    "@biomejs/cli-win32-arm64@2.3.5": {
      "integrity": "sha512-DlBiMlBZZ9eIq4H7RimDSGsYcOtfOIfZOaI5CqsWiSlbTfqbPVfWtCf92wNzx8GNMbu1s7/g3ZZESr6+GwM/SA==",
      "os": ["win32"],
      "cpu": ["arm64"]
    },
    "@biomejs/cli-win32-x64@2.3.5": {
      "integrity": "sha512-nUmR8gb6yvrKhtRgzwo/gDimPwnO5a4sCydf8ZS2kHIJhEmSmk+STsusr1LHTuM//wXppBawvSQi2xFXJCdgKQ==",
      "os": ["win32"],
      "cpu": ["x64"]
    }
  },
  "remote": {
    "https://deno.land/std@0.208.0/async/delay.ts": "a6142eb44cdd856b645086af2b811b1fcce08ec06bb7d50969e6a872ee9b8659",
    "https://deno.land/std@0.208.0/http/server.ts": "f3cde6672e631d3e00785743cfa96bfed275618c0352c5ae84abbe5a2e0e4afc"
  },
  "workspace": {
    "dependencies": [
      "jsr:@std/assert@1",
      "npm:@biomejs/biome@^2.3.5"
    ]
  }
}
